// !$*UTF8*$!
{
	archiveVersion = 1;
	classes = {
	};
	objectVersion = 56;
	objects = {

/* Begin PBXBuildFile section */
		6CAFE03129F6CAF600953AFE /* HabitTrackerApp.swift in Sources */ = {isa = PBXBuildFile; fileRef = 6CAFE03029F6CAF600953AFE /* HabitTrackerApp.swift */; };
		6CAFE03329F6CAF600953AFE /* ContentView.swift in Sources */ = {isa = PBXBuildFile; fileRef = 6CAFE03229F6CAF600953AFE /* ContentView.swift */; };
		6CAFE03529F6CAF800953AFE /* Assets.xcassets in Resources */ = {isa = PBXBuildFile; fileRef = 6CAFE03429F6CAF800953AFE /* Assets.xcassets */; };
		6CAFE03829F6CAF800953AFE /* Preview Assets.xcassets in Resources */ = {isa = PBXBuildFile; fileRef = 6CAFE03729F6CAF800953AFE /* Preview Assets.xcassets */; };
		6CAFE03A29F6CAF800953AFE /* Persistence.swift in Sources */ = {isa = PBXBuildFile; fileRef = 6CAFE03929F6CAF800953AFE /* Persistence.swift */; };
		6CAFE03D29F6CAF800953AFE /* HabitTracker.xcdatamodeld in Sources */ = {isa = PBXBuildFile; fileRef = 6CAFE03B29F6CAF800953AFE /* HabitTracker.xcdatamodeld */; };
		6CAFE04729F6CAF800953AFE /* HabitTrackerTests.swift in Sources */ = {isa = PBXBuildFile; fileRef = 6CAFE04629F6CAF800953AFE /* HabitTrackerTests.swift */; };
		6CAFE05129F6CAF800953AFE /* HabitTrackerUITests.swift in Sources */ = {isa = PBXBuildFile; fileRef = 6CAFE05029F6CAF800953AFE /* HabitTrackerUITests.swift */; };
		6CAFE05329F6CAF800953AFE /* HabitTrackerUITestsLaunchTests.swift in Sources */ = {isa = PBXBuildFile; fileRef = 6CAFE05229F6CAF800953AFE /* HabitTrackerUITestsLaunchTests.swift */; };
		6CBEF81529FAF85B0067B3DF /* Habit.swift in Sources */ = {isa = PBXBuildFile; fileRef = 6CBEF81429FAF85B0067B3DF /* Habit.swift */; };
/* End PBXBuildFile section */

/* Begin PBXContainerItemProxy section */
		6CAFE04329F6CAF800953AFE /* PBXContainerItemProxy */ = {
			isa = PBXContainerItemProxy;
			containerPortal = 6CAFE02529F6CAF600953AFE /* Project object */;
			proxyType = 1;
			remoteGlobalIDString = 6CAFE02C29F6CAF600953AFE;
			remoteInfo = HabitTracker;
		};
		6CAFE04D29F6CAF800953AFE /* PBXContainerItemProxy */ = {
			isa = PBXContainerItemProxy;
			containerPortal = 6CAFE02529F6CAF600953AFE /* Project object */;
			proxyType = 1;
			remoteGlobalIDString = 6CAFE02C29F6CAF600953AFE;
			remoteInfo = HabitTracker;
		};
/* End PBXContainerItemProxy section */

/* Begin PBXFileReference section */
		6CAFE02D29F6CAF600953AFE /* HabitTracker.app */ = {isa = PBXFileReference; explicitFileType = wrapper.application; includeInIndex = 0; path = HabitTracker.app; sourceTree = BUILT_PRODUCTS_DIR; };
		6CAFE03029F6CAF600953AFE /* HabitTrackerApp.swift */ = {isa = PBXFileReference; lastKnownFileType = sourcecode.swift; path = HabitTrackerApp.swift; sourceTree = "<group>"; };
		6CAFE03229F6CAF600953AFE /* ContentView.swift */ = {isa = PBXFileReference; lastKnownFileType = sourcecode.swift; path = ContentView.swift; sourceTree = "<group>"; };
		6CAFE03429F6CAF800953AFE /* Assets.xcassets */ = {isa = PBXFileReference; lastKnownFileType = folder.assetcatalog; path = Assets.xcassets; sourceTree = "<group>"; };
		6CAFE03729F6CAF800953AFE /* Preview Assets.xcassets */ = {isa = PBXFileReference; lastKnownFileType = folder.assetcatalog; path = "Preview Assets.xcassets"; sourceTree = "<group>"; };
		6CAFE03929F6CAF800953AFE /* Persistence.swift */ = {isa = PBXFileReference; lastKnownFileType = sourcecode.swift; path = Persistence.swift; sourceTree = "<group>"; };
		6CAFE03C29F6CAF800953AFE /* HabitTracker.xcdatamodel */ = {isa = PBXFileReference; lastKnownFileType = wrapper.xcdatamodel; path = HabitTracker.xcdatamodel; sourceTree = "<group>"; };
		6CAFE04229F6CAF800953AFE /* HabitTrackerTests.xctest */ = {isa = PBXFileReference; explicitFileType = wrapper.cfbundle; includeInIndex = 0; path = HabitTrackerTests.xctest; sourceTree = BUILT_PRODUCTS_DIR; };
		6CAFE04629F6CAF800953AFE /* HabitTrackerTests.swift */ = {isa = PBXFileReference; lastKnownFileType = sourcecode.swift; path = HabitTrackerTests.swift; sourceTree = "<group>"; };
		6CAFE04C29F6CAF800953AFE /* HabitTrackerUITests.xctest */ = {isa = PBXFileReference; explicitFileType = wrapper.cfbundle; includeInIndex = 0; path = HabitTrackerUITests.xctest; sourceTree = BUILT_PRODUCTS_DIR; };
		6CAFE05029F6CAF800953AFE /* HabitTrackerUITests.swift */ = {isa = PBXFileReference; lastKnownFileType = sourcecode.swift; path = HabitTrackerUITests.swift; sourceTree = "<group>"; };
		6CAFE05229F6CAF800953AFE /* HabitTrackerUITestsLaunchTests.swift */ = {isa = PBXFileReference; lastKnownFileType = sourcecode.swift; path = HabitTrackerUITestsLaunchTests.swift; sourceTree = "<group>"; };
		6CBEF81429FAF85B0067B3DF /* Habit.swift */ = {isa = PBXFileReference; lastKnownFileType = sourcecode.swift; path = Habit.swift; sourceTree = "<group>"; };
/* End PBXFileReference section */

/* Begin PBXFrameworksBuildPhase section */
		6CAFE02A29F6CAF600953AFE /* Frameworks */ = {
			isa = PBXFrameworksBuildPhase;
			buildActionMask = 2147483647;
			files = (
			);
			runOnlyForDeploymentPostprocessing = 0;
		};
		6CAFE03F29F6CAF800953AFE /* Frameworks */ = {
			isa = PBXFrameworksBuildPhase;
			buildActionMask = 2147483647;
			files = (
			);
			runOnlyForDeploymentPostprocessing = 0;
		};
		6CAFE04929F6CAF800953AFE /* Frameworks */ = {
			isa = PBXFrameworksBuildPhase;
			buildActionMask = 2147483647;
			files = (
			);
			runOnlyForDeploymentPostprocessing = 0;
		};
/* End PBXFrameworksBuildPhase section */

/* Begin PBXGroup section */
		6CAFE02429F6CAF600953AFE = {
			isa = PBXGroup;
			children = (
				6CAFE02F29F6CAF600953AFE /* HabitTracker */,
				6CAFE04529F6CAF800953AFE /* HabitTrackerTests */,
				6CAFE04F29F6CAF800953AFE /* HabitTrackerUITests */,
				6CAFE02E29F6CAF600953AFE /* Products */,
			);
			sourceTree = "<group>";
		};
		6CAFE02E29F6CAF600953AFE /* Products */ = {
			isa = PBXGroup;
			children = (
				6CAFE02D29F6CAF600953AFE /* HabitTracker.app */,
				6CAFE04229F6CAF800953AFE /* HabitTrackerTests.xctest */,
				6CAFE04C29F6CAF800953AFE /* HabitTrackerUITests.xctest */,
			);
			name = Products;
			sourceTree = "<group>";
		};
		6CAFE02F29F6CAF600953AFE /* HabitTracker */ = {
			isa = PBXGroup;
			children = (
				6CAFE03029F6CAF600953AFE /* HabitTrackerApp.swift */,
				6CAFE03229F6CAF600953AFE /* ContentView.swift */,
				6CAFE03429F6CAF800953AFE /* Assets.xcassets */,
				6CAFE03929F6CAF800953AFE /* Persistence.swift */,
				6CAFE03B29F6CAF800953AFE /* HabitTracker.xcdatamodeld */,
				6CAFE03629F6CAF800953AFE /* Preview Content */,
				6CBEF81429FAF85B0067B3DF /* Habit.swift */,
			);
			path = HabitTracker;
			sourceTree = "<group>";
		};
		6CAFE03629F6CAF800953AFE /* Preview Content */ = {
			isa = PBXGroup;
			children = (
				6CAFE03729F6CAF800953AFE /* Preview Assets.xcassets */,
			);
			path = "Preview Content";
			sourceTree = "<group>";
		};
		6CAFE04529F6CAF800953AFE /* HabitTrackerTests */ = {
			isa = PBXGroup;
			children = (
				6CAFE04629F6CAF800953AFE /* HabitTrackerTests.swift */,
			);
			path = HabitTrackerTests;
			sourceTree = "<group>";
		};
		6CAFE04F29F6CAF800953AFE /* HabitTrackerUITests */ = {
			isa = PBXGroup;
			children = (
				6CAFE05029F6CAF800953AFE /* HabitTrackerUITests.swift */,
				6CAFE05229F6CAF800953AFE /* HabitTrackerUITestsLaunchTests.swift */,
			);
			path = HabitTrackerUITests;
			sourceTree = "<group>";
		};
/* End PBXGroup section */

/* Begin PBXNativeTarget section */
		6CAFE02C29F6CAF600953AFE /* HabitTracker */ = {
			isa = PBXNativeTarget;
			buildConfigurationList = 6CAFE05629F6CAF900953AFE /* Build configuration list for PBXNativeTarget "HabitTracker" */;
			buildPhases = (
				6CAFE02929F6CAF600953AFE /* Sources */,
				6CAFE02A29F6CAF600953AFE /* Frameworks */,
				6CAFE02B29F6CAF600953AFE /* Resources */,
			);
			buildRules = (
			);
			dependencies = (
			);
			name = HabitTracker;
			productName = HabitTracker;
			productReference = 6CAFE02D29F6CAF600953AFE /* HabitTracker.app */;
			productType = "com.apple.product-type.application";
		};
		6CAFE04129F6CAF800953AFE /* HabitTrackerTests */ = {
			isa = PBXNativeTarget;
			buildConfigurationList = 6CAFE05929F6CAF900953AFE /* Build configuration list for PBXNativeTarget "HabitTrackerTests" */;
			buildPhases = (
				6CAFE03E29F6CAF800953AFE /* Sources */,
				6CAFE03F29F6CAF800953AFE /* Frameworks */,
				6CAFE04029F6CAF800953AFE /* Resources */,
			);
			buildRules = (
			);
			dependencies = (
				6CAFE04429F6CAF800953AFE /* PBXTargetDependency */,
			);
			name = HabitTrackerTests;
			productName = HabitTrackerTests;
			productReference = 6CAFE04229F6CAF800953AFE /* HabitTrackerTests.xctest */;
			productType = "com.apple.product-type.bundle.unit-test";
		};
		6CAFE04B29F6CAF800953AFE /* HabitTrackerUITests */ = {
			isa = PBXNativeTarget;
			buildConfigurationList = 6CAFE05C29F6CAF900953AFE /* Build configuration list for PBXNativeTarget "HabitTrackerUITests" */;
			buildPhases = (
				6CAFE04829F6CAF800953AFE /* Sources */,
				6CAFE04929F6CAF800953AFE /* Frameworks */,
				6CAFE04A29F6CAF800953AFE /* Resources */,
			);
			buildRules = (
			);
			dependencies = (
				6CAFE04E29F6CAF800953AFE /* PBXTargetDependency */,
			);
			name = HabitTrackerUITests;
			productName = HabitTrackerUITests;
			productReference = 6CAFE04C29F6CAF800953AFE /* HabitTrackerUITests.xctest */;
			productType = "com.apple.product-type.bundle.ui-testing";
		};
/* End PBXNativeTarget section */

/* Begin PBXProject section */
		6CAFE02529F6CAF600953AFE /* Project object */ = {
			isa = PBXProject;
			attributes = {
				BuildIndependentTargetsInParallel = 1;
				LastSwiftUpdateCheck = 1400;
				LastUpgradeCheck = 1400;
				TargetAttributes = {
					6CAFE02C29F6CAF600953AFE = {
						CreatedOnToolsVersion = 14.0.1;
					};
					6CAFE04129F6CAF800953AFE = {
						CreatedOnToolsVersion = 14.0.1;
						TestTargetID = 6CAFE02C29F6CAF600953AFE;
					};
					6CAFE04B29F6CAF800953AFE = {
						CreatedOnToolsVersion = 14.0.1;
						TestTargetID = 6CAFE02C29F6CAF600953AFE;
					};
				};
			};
			buildConfigurationList = 6CAFE02829F6CAF600953AFE /* Build configuration list for PBXProject "HabitTracker" */;
			compatibilityVersion = "Xcode 14.0";
			developmentRegion = en;
			hasScannedForEncodings = 0;
			knownRegions = (
				en,
				Base,
			);
			mainGroup = 6CAFE02429F6CAF600953AFE;
			productRefGroup = 6CAFE02E29F6CAF600953AFE /* Products */;
			projectDirPath = "";
			projectRoot = "";
			targets = (
				6CAFE02C29F6CAF600953AFE /* HabitTracker */,
				6CAFE04129F6CAF800953AFE /* HabitTrackerTests */,
				6CAFE04B29F6CAF800953AFE /* HabitTrackerUITests */,
			);
		};
/* End PBXProject section */

/* Begin PBXResourcesBuildPhase section */
		6CAFE02B29F6CAF600953AFE /* Resources */ = {
			isa = PBXResourcesBuildPhase;
			buildActionMask = 2147483647;
			files = (
				6CAFE03829F6CAF800953AFE /* Preview Assets.xcassets in Resources */,
				6CAFE03529F6CAF800953AFE /* Assets.xcassets in Resources */,
			);
			runOnlyForDeploymentPostprocessing = 0;
		};
		6CAFE04029F6CAF800953AFE /* Resources */ = {
			isa = PBXResourcesBuildPhase;
			buildActionMask = 2147483647;
			files = (
			);
			runOnlyForDeploymentPostprocessing = 0;
		};
		6CAFE04A29F6CAF800953AFE /* Resources */ = {
			isa = PBXResourcesBuildPhase;
			buildActionMask = 2147483647;
			files = (
			);
			runOnlyForDeploymentPostprocessing = 0;
		};
/* End PBXResourcesBuildPhase section */

/* Begin PBXSourcesBuildPhase section */
		6CAFE02929F6CAF600953AFE /* Sources */ = {
			isa = PBXSourcesBuildPhase;
			buildActionMask = 2147483647;
			files = (
				6CAFE03A29F6CAF800953AFE /* Persistence.swift in Sources */,
				6CBEF81529FAF85B0067B3DF /* Habit.swift in Sources */,
				6CAFE03D29F6CAF800953AFE /* HabitTracker.xcdatamodeld in Sources */,
				6CAFE03329F6CAF600953AFE /* ContentView.swift in Sources */,
				6CAFE03129F6CAF600953AFE /* HabitTrackerApp.swift in Sources */,
			);
			runOnlyForDeploymentPostprocessing = 0;
		};
		6CAFE03E29F6CAF800953AFE /* Sources */ = {
			isa = PBXSourcesBuildPhase;
			buildActionMask = 2147483647;
			files = (
				6CAFE04729F6CAF800953AFE /* HabitTrackerTests.swift in Sources */,
			);
			runOnlyForDeploymentPostprocessing = 0;
		};
		6CAFE04829F6CAF800953AFE /* Sources */ = {
			isa = PBXSourcesBuildPhase;
			buildActionMask = 2147483647;
			files = (
				6CAFE05329F6CAF800953AFE /* HabitTrackerUITestsLaunchTests.swift in Sources */,
				6CAFE05129F6CAF800953AFE /* HabitTrackerUITests.swift in Sources */,
			);
			runOnlyForDeploymentPostprocessing = 0;
		};
/* End PBXSourcesBuildPhase section */

/* Begin PBXTargetDependency section */
		6CAFE04429F6CAF800953AFE /* PBXTargetDependency */ = {
			isa = PBXTargetDependency;
			target = 6CAFE02C29F6CAF600953AFE /* HabitTracker */;
			targetProxy = 6CAFE04329F6CAF800953AFE /* PBXContainerItemProxy */;
		};
		6CAFE04E29F6CAF800953AFE /* PBXTargetDependency */ = {
			isa = PBXTargetDependency;
			target = 6CAFE02C29F6CAF600953AFE /* HabitTracker */;
			targetProxy = 6CAFE04D29F6CAF800953AFE /* PBXContainerItemProxy */;
		};
/* End PBXTargetDependency section */

/* Begin XCBuildConfiguration section */
		6CAFE05429F6CAF800953AFE /* Debug */ = {
			isa = XCBuildConfiguration;
			buildSettings = {
				ALWAYS_SEARCH_USER_PATHS = NO;
				CLANG_ANALYZER_NONNULL = YES;
				CLANG_ANALYZER_NUMBER_OBJECT_CONVERSION = YES_AGGRESSIVE;
				CLANG_CXX_LANGUAGE_STANDARD = "gnu++20";
				CLANG_ENABLE_MODULES = YES;
				CLANG_ENABLE_OBJC_ARC = YES;
				CLANG_ENABLE_OBJC_WEAK = YES;
				CLANG_WARN_BLOCK_CAPTURE_AUTORELEASING = YES;
				CLANG_WARN_BOOL_CONVERSION = YES;
				CLANG_WARN_COMMA = YES;
				CLANG_WARN_CONSTANT_CONVERSION = YES;
				CLANG_WARN_DEPRECATED_OBJC_IMPLEMENTATIONS = YES;
				CLANG_WARN_DIRECT_OBJC_ISA_USAGE = YES_ERROR;
				CLANG_WARN_DOCUMENTATION_COMMENTS = YES;
				CLANG_WARN_EMPTY_BODY = YES;
				CLANG_WARN_ENUM_CONVERSION = YES;
				CLANG_WARN_INFINITE_RECURSION = YES;
				CLANG_WARN_INT_CONVERSION = YES;
				CLANG_WARN_NON_LITERAL_NULL_CONVERSION = YES;
				CLANG_WARN_OBJC_IMPLICIT_RETAIN_SELF = YES;
				CLANG_WARN_OBJC_LITERAL_CONVERSION = YES;
				CLANG_WARN_OBJC_ROOT_CLASS = YES_ERROR;
				CLANG_WARN_QUOTED_INCLUDE_IN_FRAMEWORK_HEADER = YES;
				CLANG_WARN_RANGE_LOOP_ANALYSIS = YES;
				CLANG_WARN_STRICT_PROTOTYPES = YES;
				CLANG_WARN_SUSPICIOUS_MOVE = YES;
				CLANG_WARN_UNGUARDED_AVAILABILITY = YES_AGGRESSIVE;
				CLANG_WARN_UNREACHABLE_CODE = YES;
				CLANG_WARN__DUPLICATE_METHOD_MATCH = YES;
				COPY_PHASE_STRIP = NO;
				DEBUG_INFORMATION_FORMAT = dwarf;
				ENABLE_STRICT_OBJC_MSGSEND = YES;
				ENABLE_TESTABILITY = YES;
				GCC_C_LANGUAGE_STANDARD = gnu11;
				GCC_DYNAMIC_NO_PIC = NO;
				GCC_NO_COMMON_BLOCKS = YES;
				GCC_OPTIMIZATION_LEVEL = 0;
				GCC_PREPROCESSOR_DEFINITIONS = (
					"DEBUG=1",
					"$(inherited)",
				);
				GCC_WARN_64_TO_32_BIT_CONVERSION = YES;
				GCC_WARN_ABOUT_RETURN_TYPE = YES_ERROR;
				GCC_WARN_UNDECLARED_SELECTOR = YES;
				GCC_WARN_UNINITIALIZED_AUTOS = YES_AGGRESSIVE;
				GCC_WARN_UNUSED_FUNCTION = YES;
				GCC_WARN_UNUSED_VARIABLE = YES;
				IPHONEOS_DEPLOYMENT_TARGET = 16.0;
				MTL_ENABLE_DEBUG_INFO = INCLUDE_SOURCE;
				MTL_FAST_MATH = YES;
				ONLY_ACTIVE_ARCH = YES;
				SDKROOT = iphoneos;
				SWIFT_ACTIVE_COMPILATION_CONDITIONS = DEBUG;
				SWIFT_OPTIMIZATION_LEVEL = "-Onone";
			};
			name = Debug;
		};
		6CAFE05529F6CAF800953AFE /* Release */ = {
			isa = XCBuildConfiguration;
			buildSettings = {
				ALWAYS_SEARCH_USER_PATHS = NO;
				CLANG_ANALYZER_NONNULL = YES;
				CLANG_ANALYZER_NUMBER_OBJECT_CONVERSION = YES_AGGRESSIVE;
				CLANG_CXX_LANGUAGE_STANDARD = "gnu++20";
				CLANG_ENABLE_MODULES = YES;
				CLANG_ENABLE_OBJC_ARC = YES;
				CLANG_ENABLE_OBJC_WEAK = YES;
				CLANG_WARN_BLOCK_CAPTURE_AUTORELEASING = YES;
				CLANG_WARN_BOOL_CONVERSION = YES;
				CLANG_WARN_COMMA = YES;
				CLANG_WARN_CONSTANT_CONVERSION = YES;
				CLANG_WARN_DEPRECATED_OBJC_IMPLEMENTATIONS = YES;
				CLANG_WARN_DIRECT_OBJC_ISA_USAGE = YES_ERROR;
				CLANG_WARN_DOCUMENTATION_COMMENTS = YES;
				CLANG_WARN_EMPTY_BODY = YES;
				CLANG_WARN_ENUM_CONVERSION = YES;
				CLANG_WARN_INFINITE_RECURSION = YES;
				CLANG_WARN_INT_CONVERSION = YES;
				CLANG_WARN_NON_LITERAL_NULL_CONVERSION = YES;
				CLANG_WARN_OBJC_IMPLICIT_RETAIN_SELF = YES;
				CLANG_WARN_OBJC_LITERAL_CONVERSION = YES;
				CLANG_WARN_OBJC_ROOT_CLASS = YES_ERROR;
				CLANG_WARN_QUOTED_INCLUDE_IN_FRAMEWORK_HEADER = YES;
				CLANG_WARN_RANGE_LOOP_ANALYSIS = YES;
				CLANG_WARN_STRICT_PROTOTYPES = YES;
				CLANG_WARN_SUSPICIOUS_MOVE = YES;
				CLANG_WARN_UNGUARDED_AVAILABILITY = YES_AGGRESSIVE;
				CLANG_WARN_UNREACHABLE_CODE = YES;
				CLANG_WARN__DUPLICATE_METHOD_MATCH = YES;
				COPY_PHASE_STRIP = NO;
				DEBUG_INFORMATION_FORMAT = "dwarf-with-dsym";
				ENABLE_NS_ASSERTIONS = NO;
				ENABLE_STRICT_OBJC_MSGSEND = YES;
				GCC_C_LANGUAGE_STANDARD = gnu11;
				GCC_NO_COMMON_BLOCKS = YES;
				GCC_WARN_64_TO_32_BIT_CONVERSION = YES;
				GCC_WARN_ABOUT_RETURN_TYPE = YES_ERROR;
				GCC_WARN_UNDECLARED_SELECTOR = YES;
				GCC_WARN_UNINITIALIZED_AUTOS = YES_AGGRESSIVE;
				GCC_WARN_UNUSED_FUNCTION = YES;
				GCC_WARN_UNUSED_VARIABLE = YES;
				IPHONEOS_DEPLOYMENT_TARGET = 16.0;
				MTL_ENABLE_DEBUG_INFO = NO;
				MTL_FAST_MATH = YES;
				SDKROOT = iphoneos;
				SWIFT_COMPILATION_MODE = wholemodule;
				SWIFT_OPTIMIZATION_LEVEL = "-O";
				VALIDATE_PRODUCT = YES;
			};
			name = Release;
		};
		6CAFE05729F6CAF900953AFE /* Debug */ = {
			isa = XCBuildConfiguration;
			buildSettings = {
				ASSETCATALOG_COMPILER_APPICON_NAME = AppIcon;
				ASSETCATALOG_COMPILER_GLOBAL_ACCENT_COLOR_NAME = AccentColor;
				CODE_SIGN_STYLE = Automatic;
				CURRENT_PROJECT_VERSION = 1;
				DEVELOPMENT_ASSET_PATHS = "\"HabitTracker/Preview Content\"";
				ENABLE_PREVIEWS = YES;
				GENERATE_INFOPLIST_FILE = YES;
				INFOPLIST_KEY_UIApplicationSceneManifest_Generation = YES;
				INFOPLIST_KEY_UIApplicationSupportsIndirectInputEvents = YES;
				INFOPLIST_KEY_UILaunchScreen_Generation = YES;
				INFOPLIST_KEY_UISupportedInterfaceOrientations_iPad = "UIInterfaceOrientationPortrait UIInterfaceOrientationPortraitUpsideDown UIInterfaceOrientationLandscapeLeft UIInterfaceOrientationLandscapeRight";
				INFOPLIST_KEY_UISupportedInterfaceOrientations_iPhone = "UIInterfaceOrientationPortrait UIInterfaceOrientationLandscapeLeft UIInterfaceOrientationLandscapeRight";
				LD_RUNPATH_SEARCH_PATHS = (
					"$(inherited)",
					"@executable_path/Frameworks",
				);
				MARKETING_VERSION = 1.0;
				PRODUCT_BUNDLE_IDENTIFIER = tibalomium.HabitTracker;
				PRODUCT_NAME = "$(TARGET_NAME)";
				SWIFT_EMIT_LOC_STRINGS = YES;
				SWIFT_VERSION = 5.0;
				TARGETED_DEVICE_FAMILY = "1,2";
			};
			name = Debug;
		};
		6CAFE05829F6CAF900953AFE /* Release */ = {
			isa = XCBuildConfiguration;
			buildSettings = {
				ASSETCATALOG_COMPILER_APPICON_NAME = AppIcon;
				ASSETCATALOG_COMPILER_GLOBAL_ACCENT_COLOR_NAME = AccentColor;
				CODE_SIGN_STYLE = Automatic;
				CURRENT_PROJECT_VERSION = 1;
				DEVELOPMENT_ASSET_PATHS = "\"HabitTracker/Preview Content\"";
				ENABLE_PREVIEWS = YES;
				GENERATE_INFOPLIST_FILE = YES;
				INFOPLIST_KEY_UIApplicationSceneManifest_Generation = YES;
				INFOPLIST_KEY_UIApplicationSupportsIndirectInputEvents = YES;
				INFOPLIST_KEY_UILaunchScreen_Generation = YES;
				INFOPLIST_KEY_UISupportedInterfaceOrientations_iPad = "UIInterfaceOrientationPortrait UIInterfaceOrientationPortraitUpsideDown UIInterfaceOrientationLandscapeLeft UIInterfaceOrientationLandscapeRight";
				INFOPLIST_KEY_UISupportedInterfaceOrientations_iPhone = "UIInterfaceOrientationPortrait UIInterfaceOrientationLandscapeLeft UIInterfaceOrientationLandscapeRight";
				LD_RUNPATH_SEARCH_PATHS = (
					"$(inherited)",
					"@executable_path/Frameworks",
				);
				MARKETING_VERSION = 1.0;
				PRODUCT_BUNDLE_IDENTIFIER = tibalomium.HabitTracker;
				PRODUCT_NAME = "$(TARGET_NAME)";
				SWIFT_EMIT_LOC_STRINGS = YES;
				SWIFT_VERSION = 5.0;
				TARGETED_DEVICE_FAMILY = "1,2";
			};
			name = Release;
		};
		6CAFE05A29F6CAF900953AFE /* Debug */ = {
			isa = XCBuildConfiguration;
			buildSettings = {
				ALWAYS_EMBED_SWIFT_STANDARD_LIBRARIES = YES;
				BUNDLE_LOADER = "$(TEST_HOST)";
				CODE_SIGN_STYLE = Automatic;
				CURRENT_PROJECT_VERSION = 1;
				GENERATE_INFOPLIST_FILE = YES;
				IPHONEOS_DEPLOYMENT_TARGET = 16.0;
				MARKETING_VERSION = 1.0;
				PRODUCT_BUNDLE_IDENTIFIER = tibalomium.HabitTrackerTests;
				PRODUCT_NAME = "$(TARGET_NAME)";
				SWIFT_EMIT_LOC_STRINGS = NO;
				SWIFT_VERSION = 5.0;
				TARGETED_DEVICE_FAMILY = "1,2";
				TEST_HOST = "$(BUILT_PRODUCTS_DIR)/HabitTracker.app/$(BUNDLE_EXECUTABLE_FOLDER_PATH)/HabitTracker";
			};
			name = Debug;
		};
		6CAFE05B29F6CAF900953AFE /* Release */ = {
			isa = XCBuildConfiguration;
			buildSettings = {
				ALWAYS_EMBED_SWIFT_STANDARD_LIBRARIES = YES;
				BUNDLE_LOADER = "$(TEST_HOST)";
				CODE_SIGN_STYLE = Automatic;
				CURRENT_PROJECT_VERSION = 1;
				GENERATE_INFOPLIST_FILE = YES;
				IPHONEOS_DEPLOYMENT_TARGET = 16.0;
				MARKETING_VERSION = 1.0;
				PRODUCT_BUNDLE_IDENTIFIER = tibalomium.HabitTrackerTests;
				PRODUCT_NAME = "$(TARGET_NAME)";
				SWIFT_EMIT_LOC_STRINGS = NO;
				SWIFT_VERSION = 5.0;
				TARGETED_DEVICE_FAMILY = "1,2";
				TEST_HOST = "$(BUILT_PRODUCTS_DIR)/HabitTracker.app/$(BUNDLE_EXECUTABLE_FOLDER_PATH)/HabitTracker";
			};
			name = Release;
		};
		6CAFE05D29F6CAF900953AFE /* Debug */ = {
			isa = XCBuildConfiguration;
			buildSettings = {
				ALWAYS_EMBED_SWIFT_STANDARD_LIBRARIES = YES;
				CODE_SIGN_STYLE = Automatic;
				CURRENT_PROJECT_VERSION = 1;
				GENERATE_INFOPLIST_FILE = YES;
				MARKETING_VERSION = 1.0;
				PRODUCT_BUNDLE_IDENTIFIER = tibalomium.HabitTrackerUITests;
				PRODUCT_NAME = "$(TARGET_NAME)";
				SWIFT_EMIT_LOC_STRINGS = NO;
				SWIFT_VERSION = 5.0;
				TARGETED_DEVICE_FAMILY = "1,2";
				TEST_TARGET_NAME = HabitTracker;
			};
			name = Debug;
		};
		6CAFE05E29F6CAF900953AFE /* Release */ = {
			isa = XCBuildConfiguration;
			buildSettings = {
				ALWAYS_EMBED_SWIFT_STANDARD_LIBRARIES = YES;
				CODE_SIGN_STYLE = Automatic;
				CURRENT_PROJECT_VERSION = 1;
				GENERATE_INFOPLIST_FILE = YES;
				MARKETING_VERSION = 1.0;
				PRODUCT_BUNDLE_IDENTIFIER = tibalomium.HabitTrackerUITests;
				PRODUCT_NAME = "$(TARGET_NAME)";
				SWIFT_EMIT_LOC_STRINGS = NO;
				SWIFT_VERSION = 5.0;
				TARGETED_DEVICE_FAMILY = "1,2";
				TEST_TARGET_NAME = HabitTracker;
			};
			name = Release;
		};
/* End XCBuildConfiguration section */

/* Begin XCConfigurationList section */
		6CAFE02829F6CAF600953AFE /* Build configuration list for PBXProject "HabitTracker" */ = {
			isa = XCConfigurationList;
			buildConfigurations = (
				6CAFE05429F6CAF800953AFE /* Debug */,
				6CAFE05529F6CAF800953AFE /* Release */,
			);
			defaultConfigurationIsVisible = 0;
			defaultConfigurationName = Release;
		};
		6CAFE05629F6CAF900953AFE /* Build configuration list for PBXNativeTarget "HabitTracker" */ = {
			isa = XCConfigurationList;
			buildConfigurations = (
				6CAFE05729F6CAF900953AFE /* Debug */,
				6CAFE05829F6CAF900953AFE /* Release */,
			);
			defaultConfigurationIsVisible = 0;
			defaultConfigurationName = Release;
		};
		6CAFE05929F6CAF900953AFE /* Build configuration list for PBXNativeTarget "HabitTrackerTests" */ = {
			isa = XCConfigurationList;
			buildConfigurations = (
				6CAFE05A29F6CAF900953AFE /* Debug */,
				6CAFE05B29F6CAF900953AFE /* Release */,
			);
			defaultConfigurationIsVisible = 0;
			defaultConfigurationName = Release;
		};
		6CAFE05C29F6CAF900953AFE /* Build configuration list for PBXNativeTarget "HabitTrackerUITests" */ = {
			isa = XCConfigurationList;
			buildConfigurations = (
				6CAFE05D29F6CAF900953AFE /* Debug */,
				6CAFE05E29F6CAF900953AFE /* Release */,
			);
			defaultConfigurationIsVisible = 0;
			defaultConfigurationName = Release;
		};
/* End XCConfigurationList section */

/* Begin XCVersionGroup section */
		6CAFE03B29F6CAF800953AFE /* HabitTracker.xcdatamodeld */ = {
			isa = XCVersionGroup;
			children = (
				6CAFE03C29F6CAF800953AFE /* HabitTracker.xcdatamodel */,
			);
			currentVersion = 6CAFE03C29F6CAF800953AFE /* HabitTracker.xcdatamodel */;
			path = HabitTracker.xcdatamodeld;
			sourceTree = "<group>";
			versionGroupType = wrapper.xcdatamodel;
		};
/* End XCVersionGroup section */
	};
	rootObject = 6CAFE02529F6CAF600953AFE /* Project object */;
}
